
Microsoft Visual Studio Solution File, Format Version 12.00
# Visual Studio Version 17
VisualStudioVersion = 17.8.34309.116
MinimumVisualStudioVersion = 10.0.40219.1
Project("{9A19103F-16F7-4668-BE54-9A1E7A4F7556}") = "TrackerLibrary", "TrackerLibrary\TrackerLibrary.csproj", "{5A836641-DE55-4068-8BA3-2A62D3C91099}"
EndProject
Project("{FAE04EC0-301F-11D3-BF4B-00C04F79EFBC}") = "TrackerUI", "TrackerUI\TrackerUI.csproj", "{0025B36E-8075-4F51-B5BE-C0A035E95217}"
EndProject
Global
	GlobalSection(SolutionConfigurationPlatforms) = preSolution
		Debug|Any CPU = Debug|Any CPU
		Release|Any CPU = Release|Any CPU
	EndGlobalSection
	GlobalSection(ProjectConfigurationPlatforms) = postSolution
		{5A836641-DE55-4068-8BA3-2A62D3C91099}.Debug|Any CPU.ActiveCfg = Debug|Any CPU
		{5A836641-DE55-4068-8BA3-2A62D3C91099}.Debug|Any CPU.Build.0 = Debug|Any CPU
		{5A836641-DE55-4068-8BA3-2A62D3C91099}.Release|Any CPU.ActiveCfg = Release|Any CPU
		{5A836641-DE55-4068-8BA3-2A62D3C91099}.Release|Any CPU.Build.0 = Release|Any CPU
		{0025B36E-8075-4F51-B5BE-C0A035E95217}.Debug|Any CPU.ActiveCfg = Debug|Any CPU
		{0025B36E-8075-4F51-B5BE-C0A035E95217}.Debug|Any CPU.Build.0 = Debug|Any CPU
		{0025B36E-8075-4F51-B5BE-C0A035E95217}.Release|Any CPU.ActiveCfg = Release|Any CPU
		{0025B36E-8075-4F51-B5BE-C0A035E95217}.Release|Any CPU.Build.0 = Release|Any CPU
	EndGlobalSection
	GlobalSection(SolutionProperties) = preSolution
		HideSolutionNode = FALSE
	EndGlobalSection
	GlobalSection(ExtensibilityGlobals) = postSolution
		SolutionGuid = {D147696D-977A-43D7-8D36-D52ED619D6EE}
	EndGlobalSection
EndGlobal
